
Microsoft Visual Studio Solution File, Format Version 12.00
# Visual Studio Version 17
VisualStudioVersion = 17.13.35931.197 d17.13
MinimumVisualStudioVersion = 10.0.40219.1
Project("{FAE04EC0-301F-11D3-BF4B-00C04F79EFBC}") = "Demo", "Demo.csproj", "{E63226E4-9B4A-4C5C-858E-6D379E2BBA13}"
EndProject
Global
	GlobalSection(SolutionConfigurationPlatforms) = preSolution
		Debug|Any CPU = Debug|Any CPU
		Release|Any CPU = Release|Any CPU
	EndGlobalSection
	GlobalSection(ProjectConfigurationPlatforms) = postSolution
		{E63226E4-9B4A-4C5C-858E-6D379E2BBA13}.Debug|Any CPU.ActiveCfg = Debug|Any CPU
		{E63226E4-9B4A-4C5C-858E-6D379E2BBA13}.Debug|Any CPU.Build.0 = Debug|Any CPU
		{E63226E4-9B4A-4C5C-858E-6D379E2BBA13}.Release|Any CPU.ActiveCfg = Release|Any CPU
		{E63226E4-9B4A-4C5C-858E-6D379E2BBA13}.Release|Any CPU.Build.0 = Release|Any CPU
	EndGlobalSection
	GlobalSection(SolutionProperties) = preSolution
		HideSolutionNode = FALSE
	EndGlobalSection
	GlobalSection(ExtensibilityGlobals) = postSolution
		SolutionGuid = {B07C8AEA-C24A-44C6-B7D4-77210D1FCAF9}
	EndGlobalSection
EndGlobal
